
Microsoft Visual Studio Solution File, Format Version 12.00
# Visual Studio Version 16
VisualStudioVersion = 16.0.33027.164
MinimumVisualStudioVersion = 10.0.40219.1
Project("{00D1A9C2-B5F0-4AF3-8072-F6C62B433612}") = "AccountPlanningDatabase.sqlproj", "{1F048458-1389-4D37-8D22-4E8964D54054}"
EndProject
Project("{FAE04EC0-301F-11D3-BF4B-00C04F79EFBC}") = "AccountPlanning_DataBase_Build", "AccountPlanning_DataBase_Build\AccountPlanning_DataBase_Build.csproj", "{5FBA21A2-3C8E-4702-882B-CA444169B3A4}"
EndProject
Global
	GlobalSection(SolutionConfigurationPlatforms) = preSolution
		Debug|Any CPU = Debug|Any CPU
		Release|Any CPU = Release|Any CPU
	EndGlobalSection
	GlobalSection(ProjectConfigurationPlatforms) = postSolution
		{1F048458-1389-4D37-8D22-4E8964D54054}.Debug|Any CPU.ActiveCfg = Debug|Any CPU
		{1F048458-1389-4D37-8D22-4E8964D54054}.Debug|Any CPU.Build.0 = Debug|Any CPU
		{1F048458-1389-4D37-8D22-4E8964D54054}.Debug|Any CPU.Deploy.0 = Debug|Any CPU
		{1F048458-1389-4D37-8D22-4E8964D54054}.Release|Any CPU.ActiveCfg = Release|Any CPU
		{1F048458-1389-4D37-8D22-4E8964D54054}.Release|Any CPU.Build.0 = Release|Any CPU
		{1F048458-1389-4D37-8D22-4E8964D54054}.Release|Any CPU.Deploy.0 = Release|Any CPU
		{5FBA21A2-3C8E-4702-882B-CA444169B3A4}.Debug|Any CPU.ActiveCfg = Debug|Any CPU
		{5FBA21A2-3C8E-4702-882B-CA444169B3A4}.Debug|Any CPU.Build.0 = Debug|Any CPU
		{5FBA21A2-3C8E-4702-882B-CA444169B3A4}.Release|Any CPU.ActiveCfg = Release|Any CPU
		{5FBA21A2-3C8E-4702-882B-CA444169B3A4}.Release|Any CPU.Build.0 = Release|Any CPU
	EndGlobalSection
	GlobalSection(SolutionProperties) = preSolution
		HideSolutionNode = FALSE
	EndGlobalSection
	GlobalSection(ExtensibilityGlobals) = postSolution
		SolutionGuid = {88D3C308-70FB-4B49-87D4-ECFEC7B5518B}
	EndGlobalSection
EndGlobal
